{
    "name": "node-red-project",
    "version": "0.0.1",
    "lockfileVersion": 2,
    "requires": true,
    "packages": {
        "": {
            "name": "node-red-project",
            "version": "0.0.1",
            "dependencies": {
                "node-red-contrib-play-audio": "~2.5.0"
            }
        },
        "node_modules/node-red-contrib-play-audio": {
            "version": "2.5.0",
            "resolved": "https://registry.npmjs.org/node-red-contrib-play-audio/-/node-red-contrib-play-audio-2.5.0.tgz",
            "integrity": "sha512-j1Q3gE7VPVHsSHAC0JmKbDcyvCogPd8pyGwmDLVYVzoYlG2SaL/4+EHTaHlAB0sIDkbghleHIJftITzzVWRILQ=="
        }
    },
    "dependencies": {
        "node-red-contrib-play-audio": {
            "version": "2.5.0",
            "resolved": "https://registry.npmjs.org/node-red-contrib-play-audio/-/node-red-contrib-play-audio-2.5.0.tgz",
            "integrity": "sha512-j1Q3gE7VPVHsSHAC0JmKbDcyvCogPd8pyGwmDLVYVzoYlG2SaL/4+EHTaHlAB0sIDkbghleHIJftITzzVWRILQ=="
        }
    }
}
